{
  "version": "2",
  "remote": {
    "https://deno.land/x/croner@5.3.5/src/croner.js": "a7e06cd5c262c60bc9736d735eb65ae2e401eed3d965c467087a5a575abd8ec2",
    "https://deno.land/x/croner@5.3.5/src/date.js": "e5bfdf17750207a00e1399c50bda7be8746429619c9f2fc0679c678aed22febc",
    "https://deno.land/x/croner@5.3.5/src/helpers/minitz.js": "4326ef48b623925951a68756c89e9cfce33c5612ec55729e2013e8fdea4ecff4",
    "https://deno.land/x/croner@5.3.5/src/options.js": "1c6fc9851d195cc94fdd06f947270aa25939eb34e47e03cb5e34f5451926f632",
    "https://deno.land/x/croner@5.3.5/src/pattern.js": "e37c2047f04ba80311e5c1ea3764c10410760ad7ab40f669648a9533635982b5",
    "https://deno.land/x/easyts@0.1.0/async.ts": "3ba9a5e4a684ed44c510699e224ab786aff873365bc72cbd74a6ea92a0982bf2",
    "https://deno.land/x/easyts@0.1.0/exception.ts": "37225598f67368f9ccff34bd30946aedca48e4e70e293d62d759605216d67914",
    "https://deno.land/x/easyts@0.1.0/internal/decorator.ts": "8695942ba083319079fafb305500af8de514c4aadfc92067954dc23619d0a251",
    "https://deno.land/x/easyts@0.1.0/sync/mod.ts": "00cae6082f9650a9be3236d8c16bfeb282523775b43d12541697eab82d524928",
    "https://deno.land/x/easyts@0.1.0/sync/mutex.ts": "a9ddba9bb3d954432aabef39b717e6750efd5111c6694f01855ac3ecb0156ce5",
    "https://deno.land/x/easyts@0.1.0/sync/once.ts": "1014d7c1ae46c7b135ef0110b627f130b5aecf548c3b3da99347bf0d5e0981a7",
    "https://deno.land/x/easyts@0.1.0/sync/rwmutex.ts": "075dcb4e007e1d67664cd012ecf1d971397fee32639e95d15bb5d523c45ebd13",
    "https://deno.land/x/easyts@0.1.0/sync/waitgroup.ts": "8706369d986124bf451335afa6f9c689f48d7826e3b8acd8afb95819a94dd166",
    "https://deno.land/x/easyts@0.1.0/types.ts": "f08f8e7bb3cadb0012bcf163c367ae46122f3e2d8a2db308dc0bd93242ae6597",
    "https://deno.land/x/easyts@0.1.1/assert.ts": "612a15d873363d3db07ee259875e6a69217b327ee42b40e9d7d47f622dc96fbf",
    "https://deno.land/x/easyts@0.1.1/async.ts": "3ba9a5e4a684ed44c510699e224ab786aff873365bc72cbd74a6ea92a0982bf2",
    "https://deno.land/x/easyts@0.1.1/channel.ts": "25ff6a15cea46cc03d2fac239df4ef0365e3f3099c95bcab77f6a88091f027b1",
    "https://deno.land/x/easyts@0.1.1/defer.ts": "933c0cf6c0f47fc6d2bcd4053f3feaa4027d23c0df2519cc0fee3a3806387acb",
    "https://deno.land/x/easyts@0.1.1/exception.ts": "37225598f67368f9ccff34bd30946aedca48e4e70e293d62d759605216d67914",
    "https://deno.land/x/easyts@0.1.1/internal/decorator.ts": "8695942ba083319079fafb305500af8de514c4aadfc92067954dc23619d0a251",
    "https://deno.land/x/easyts@0.1.1/log/log.ts": "d6d7a3425e230d3b3916e9139689117c564ed1572db38a49c4f92cad4182889c",
    "https://deno.land/x/easyts@0.1.1/log/logger.ts": "1186a42c0a3aeddb62e4ade4ef6a5e6c737de76af95c0294407b9d6bb6cd5891",
    "https://deno.land/x/easyts@0.1.1/log/mod.ts": "ff7ce0f475a2cf191db8562bb1d6128b6872b5ead9478a2fe4411810072d6c05",
    "https://deno.land/x/easyts@0.1.1/mod.ts": "41abe4b6ebdee7172571e7c579b1bad7499443fd8d6affb1ec6022793b36f69f",
    "https://deno.land/x/easyts@0.1.1/number.ts": "41cc0358661615601930116cbd81b541712322cab0aa48073198debd55bc4eee",
    "https://deno.land/x/easyts@0.1.1/slice.ts": "46da802f66e2c577c8a8dae8d7a3728b502680d700b88dc082388d07355162f1",
    "https://deno.land/x/easyts@0.1.1/sync/mod.ts": "00cae6082f9650a9be3236d8c16bfeb282523775b43d12541697eab82d524928",
    "https://deno.land/x/easyts@0.1.1/sync/mutex.ts": "a9ddba9bb3d954432aabef39b717e6750efd5111c6694f01855ac3ecb0156ce5",
    "https://deno.land/x/easyts@0.1.1/sync/once.ts": "1014d7c1ae46c7b135ef0110b627f130b5aecf548c3b3da99347bf0d5e0981a7",
    "https://deno.land/x/easyts@0.1.1/sync/rwmutex.ts": "075dcb4e007e1d67664cd012ecf1d971397fee32639e95d15bb5d523c45ebd13",
    "https://deno.land/x/easyts@0.1.1/sync/waitgroup.ts": "8706369d986124bf451335afa6f9c689f48d7826e3b8acd8afb95819a94dd166",
    "https://deno.land/x/easyts@0.1.1/types.ts": "f08f8e7bb3cadb0012bcf163c367ae46122f3e2d8a2db308dc0bd93242ae6597",
    "https://deno.land/x/easyts@0.1.1/values.ts": "32a03d433e4d6a7460e2224cf93e21bc3762307f8dcce3d7b1ed9b74563b6bf0",
    "https://deno.land/x/flags@0.0.3/mod.ts": "cd018a29ad97683ea674203c00a75144844a1f53169f923529eba70048825d9a"
  }
}
